
Microsoft Visual Studio Solution File, Format Version 12.00
# Visual Studio Version 16
VisualStudioVersion = 16.0.31624.102
MinimumVisualStudioVersion = 10.0.40219.1
Project("{9A19103F-16F7-4668-BE54-9A1E7A4F7556}") = "quanlyspa_BUS", "quanlyspa_BUS\quanlyspa_BUS.csproj", "{D0ABB0C0-ED7F-411B-B1F5-923072C3490F}"
EndProject
Project("{9A19103F-16F7-4668-BE54-9A1E7A4F7556}") = "quanlyspa_DAL", "quanlyspa_DAL\quanlyspa_DAL.csproj", "{22BB761D-564E-4BEA-802D-06661C860B86}"
EndProject
Project("{9A19103F-16F7-4668-BE54-9A1E7A4F7556}") = "quanlyspa_DTO", "quanlyspa_DTO\quanlyspa_DTO.csproj", "{6B5ECA4A-8497-4AF1-9263-F5444E559EA4}"
EndProject
Project("{FAE04EC0-301F-11D3-BF4B-00C04F79EFBC}") = "quanlyspa", "quanlyspa\quanlyspa.csproj", "{163ECE90-494D-4C5B-A194-ECC38ADDBDF7}"
EndProject
Global
	GlobalSection(SolutionConfigurationPlatforms) = preSolution
		Debug|Any CPU = Debug|Any CPU
		Release|Any CPU = Release|Any CPU
	EndGlobalSection
	GlobalSection(ProjectConfigurationPlatforms) = postSolution
		{D0ABB0C0-ED7F-411B-B1F5-923072C3490F}.Debug|Any CPU.ActiveCfg = Debug|Any CPU
		{D0ABB0C0-ED7F-411B-B1F5-923072C3490F}.Debug|Any CPU.Build.0 = Debug|Any CPU
		{D0ABB0C0-ED7F-411B-B1F5-923072C3490F}.Release|Any CPU.ActiveCfg = Release|Any CPU
		{D0ABB0C0-ED7F-411B-B1F5-923072C3490F}.Release|Any CPU.Build.0 = Release|Any CPU
		{22BB761D-564E-4BEA-802D-06661C860B86}.Debug|Any CPU.ActiveCfg = Debug|Any CPU
		{22BB761D-564E-4BEA-802D-06661C860B86}.Debug|Any CPU.Build.0 = Debug|Any CPU
		{22BB761D-564E-4BEA-802D-06661C860B86}.Release|Any CPU.ActiveCfg = Release|Any CPU
		{22BB761D-564E-4BEA-802D-06661C860B86}.Release|Any CPU.Build.0 = Release|Any CPU
		{6B5ECA4A-8497-4AF1-9263-F5444E559EA4}.Debug|Any CPU.ActiveCfg = Debug|Any CPU
		{6B5ECA4A-8497-4AF1-9263-F5444E559EA4}.Debug|Any CPU.Build.0 = Debug|Any CPU
		{6B5ECA4A-8497-4AF1-9263-F5444E559EA4}.Release|Any CPU.ActiveCfg = Release|Any CPU
		{6B5ECA4A-8497-4AF1-9263-F5444E559EA4}.Release|Any CPU.Build.0 = Release|Any CPU
		{163ECE90-494D-4C5B-A194-ECC38ADDBDF7}.Debug|Any CPU.ActiveCfg = Debug|Any CPU
		{163ECE90-494D-4C5B-A194-ECC38ADDBDF7}.Debug|Any CPU.Build.0 = Debug|Any CPU
		{163ECE90-494D-4C5B-A194-ECC38ADDBDF7}.Release|Any CPU.ActiveCfg = Release|Any CPU
		{163ECE90-494D-4C5B-A194-ECC38ADDBDF7}.Release|Any CPU.Build.0 = Release|Any CPU
	EndGlobalSection
	GlobalSection(SolutionProperties) = preSolution
		HideSolutionNode = FALSE
	EndGlobalSection
	GlobalSection(ExtensibilityGlobals) = postSolution
		SolutionGuid = {8DF8A704-95B6-4646-9E1A-EA26759D771F}
	EndGlobalSection
EndGlobal
